// !$*UTF8*$!
{
	archiveVersion = 1;
	classes = {
	};
	objectVersion = 50;
	objects = {

/* Begin PBXBuildFile section */
		1696ABEE92B308DD6E0A7604 /* Pods_BTTCoach.framework in Frameworks */ = {isa = PBXBuildFile; fileRef = 667C7C2DD0D4CE5C68631890 /* Pods_BTTCoach.framework */; };
		4C948DAC2105BAA400135748 /* pepTalkListVC.swift in Sources */ = {isa = PBXBuildFile; fileRef = 4C948DAB2105BAA400135748 /* pepTalkListVC.swift */; };
		4C948DAE2105BB0C00135748 /* pepTalkTVC.swift in Sources */ = {isa = PBXBuildFile; fileRef = 4C948DAD2105BB0C00135748 /* pepTalkTVC.swift */; };
		840377EF21079DDA00276D5D /* routineTVC.swift in Sources */ = {isa = PBXBuildFile; fileRef = 840377EE21079DDA00276D5D /* routineTVC.swift */; };
		840443C220FB374300E84BF3 /* signInVC.swift in Sources */ = {isa = PBXBuildFile; fileRef = 840443C120FB374300E84BF3 /* signInVC.swift */; };
		840443C420FB7C2000E84BF3 /* menuVC.swift in Sources */ = {isa = PBXBuildFile; fileRef = 840443C320FB7C2000E84BF3 /* menuVC.swift */; };
		8406C13C20FCF959009B2ABC /* menuTVC.swift in Sources */ = {isa = PBXBuildFile; fileRef = 8406C13B20FCF959009B2ABC /* menuTVC.swift */; };
		8406C13E20FCFAD1009B2ABC /* objects.swift in Sources */ = {isa = PBXBuildFile; fileRef = 8406C13D20FCFAD1009B2ABC /* objects.swift */; };
		8406C14020FD105D009B2ABC /* createIdentityVC.swift in Sources */ = {isa = PBXBuildFile; fileRef = 8406C13F20FD105D009B2ABC /* createIdentityVC.swift */; };
		8406C14220FD1365009B2ABC /* extension.swift in Sources */ = {isa = PBXBuildFile; fileRef = 8406C14120FD1365009B2ABC /* extension.swift */; };
		8432B42321039A4400A944D6 /* logListTVC.swift in Sources */ = {isa = PBXBuildFile; fileRef = 8432B42221039A4400A944D6 /* logListTVC.swift */; };
		8432B42521039A9C00A944D6 /* LogListVC.swift in Sources */ = {isa = PBXBuildFile; fileRef = 8432B42421039A9C00A944D6 /* LogListVC.swift */; };
		846477E3210240B5008D9505 /* gradeListTVC.swift in Sources */ = {isa = PBXBuildFile; fileRef = 846477E2210240B5008D9505 /* gradeListTVC.swift */; };
		846477E5210240FA008D9505 /* gradeListVC.swift in Sources */ = {isa = PBXBuildFile; fileRef = 846477E4210240FA008D9505 /* gradeListVC.swift */; };
		84844AEB210A21610053F764 /* unCompletedTaskTVC.swift in Sources */ = {isa = PBXBuildFile; fileRef = 84844AEA210A21610053F764 /* unCompletedTaskTVC.swift */; };
		84844AED210A22410053F764 /* commitTodayListVC.swift in Sources */ = {isa = PBXBuildFile; fileRef = 84844AEC210A22410053F764 /* commitTodayListVC.swift */; };
		84C2712E210632B8004D4090 /* interviewListVC.swift in Sources */ = {isa = PBXBuildFile; fileRef = 84C2712D210632B8004D4090 /* interviewListVC.swift */; };
		84CF26C420F8FE5D00692B17 /* AppDelegate.swift in Sources */ = {isa = PBXBuildFile; fileRef = 84CF26C320F8FE5D00692B17 /* AppDelegate.swift */; };
		84CF26C620F8FE5D00692B17 /* welcomeVC.swift in Sources */ = {isa = PBXBuildFile; fileRef = 84CF26C520F8FE5D00692B17 /* welcomeVC.swift */; };
		84CF26C920F8FE5D00692B17 /* Main.storyboard in Resources */ = {isa = PBXBuildFile; fileRef = 84CF26C720F8FE5D00692B17 /* Main.storyboard */; };
		84CF26CB20F8FE6100692B17 /* Assets.xcassets in Resources */ = {isa = PBXBuildFile; fileRef = 84CF26CA20F8FE6100692B17 /* Assets.xcassets */; };
		84CF26CE20F8FE6100692B17 /* LaunchScreen.storyboard in Resources */ = {isa = PBXBuildFile; fileRef = 84CF26CC20F8FE6100692B17 /* LaunchScreen.storyboard */; };
		84CF26DC20F90E2100692B17 /* buttonStyle.swift in Sources */ = {isa = PBXBuildFile; fileRef = 84CF26DB20F90E2100692B17 /* buttonStyle.swift */; };
		84CF26DE20F917A900692B17 /* textFieldClass.swift in Sources */ = {isa = PBXBuildFile; fileRef = 84CF26DD20F917A900692B17 /* textFieldClass.swift */; };
		84E66F0B21079A700050BAC9 /* routineListVC.swift in Sources */ = {isa = PBXBuildFile; fileRef = 84E66F0A21079A700050BAC9 /* routineListVC.swift */; };
		84F6C1962100EA9900DBE976 /* setUpTVC.swift in Sources */ = {isa = PBXBuildFile; fileRef = 84F6C1952100EA9900DBE976 /* setUpTVC.swift */; };
		84F6C19A21010CAD00DBE976 /* gradeTVC.swift in Sources */ = {isa = PBXBuildFile; fileRef = 84F6C19921010CAD00DBE976 /* gradeTVC.swift */; };
		F2066A142136FE2F0020DBAC /* GoogleService-Info.plist in Resources */ = {isa = PBXBuildFile; fileRef = F2066A132136FE2F0020DBAC /* GoogleService-Info.plist */; };
		F20DC14A21180C9200157809 /* AllUserVC.swift in Sources */ = {isa = PBXBuildFile; fileRef = F20DC14921180C9200157809 /* AllUserVC.swift */; };
		F20DC14C21180F4900157809 /* AllUserTableViewCell.swift in Sources */ = {isa = PBXBuildFile; fileRef = F20DC14B21180F4900157809 /* AllUserTableViewCell.swift */; };
		F20DC1542118104E00157809 /* ConfigureUserInterface.swift in Sources */ = {isa = PBXBuildFile; fileRef = F20DC14D2118104B00157809 /* ConfigureUserInterface.swift */; };
		F20DC1552118104E00157809 /* Custom_Button.swift in Sources */ = {isa = PBXBuildFile; fileRef = F20DC14E2118104C00157809 /* Custom_Button.swift */; };
		F20DC1562118104E00157809 /* UnderlinedTextField.swift in Sources */ = {isa = PBXBuildFile; fileRef = F20DC14F2118104C00157809 /* UnderlinedTextField.swift */; };
		F20DC1572118104E00157809 /* Custom_ImageView.swift in Sources */ = {isa = PBXBuildFile; fileRef = F20DC1502118104D00157809 /* Custom_ImageView.swift */; };
		F20DC1582118104E00157809 /* Custom_View.swift in Sources */ = {isa = PBXBuildFile; fileRef = F20DC1512118104D00157809 /* Custom_View.swift */; };
		F20DC1592118104E00157809 /* customTF.swift in Sources */ = {isa = PBXBuildFile; fileRef = F20DC1522118104E00157809 /* customTF.swift */; };
		F20DC15A2118104E00157809 /* Custom_Label.swift in Sources */ = {isa = PBXBuildFile; fileRef = F20DC1532118104E00157809 /* Custom_Label.swift */; };
		F226BA14210F6C1B00DE6D16 /* haveFaithVC.swift in Sources */ = {isa = PBXBuildFile; fileRef = F226BA13210F6C1B00DE6D16 /* haveFaithVC.swift */; };
		F26A7CBC210AE90B00D6B533 /* ITC Avant Garde Gothic Bold.otf in Resources */ = {isa = PBXBuildFile; fileRef = F26A7CBB210AE90800D6B533 /* ITC Avant Garde Gothic Bold.otf */; };
		F27A85322111F11700D2E344 /* StreamingVC.swift in Sources */ = {isa = PBXBuildFile; fileRef = F27A85312111F11700D2E344 /* StreamingVC.swift */; };
		F2AD82DD21359A8800BAADEE /* chatViewController.swift in Sources */ = {isa = PBXBuildFile; fileRef = F2AD82DC21359A8800BAADEE /* chatViewController.swift */; };
		F87467FAEE8FB03B8E3C0FF1 /* Pods_BTTCoach.framework in Frameworks */ = {isa = PBXBuildFile; fileRef = 2412DB46A090F368AF33C52A /* Pods_BTTCoach.framework */; };
/* End PBXBuildFile section */

/* Begin PBXFileReference section */
		2412DB46A090F368AF33C52A /* Pods_BTTCoach.framework */ = {isa = PBXFileReference; explicitFileType = wrapper.framework; includeInIndex = 0; path = Pods_BTTCoach.framework; sourceTree = BUILT_PRODUCTS_DIR; };
		4C948DAB2105BAA400135748 /* pepTalkListVC.swift */ = {isa = PBXFileReference; lastKnownFileType = sourcecode.swift; path = pepTalkListVC.swift; sourceTree = "<group>"; };
		4C948DAD2105BB0C00135748 /* pepTalkTVC.swift */ = {isa = PBXFileReference; lastKnownFileType = sourcecode.swift; path = pepTalkTVC.swift; sourceTree = "<group>"; };
		5AF50D0FE0B80048643D9FB4 /* Pods-BTTCoach.debug.xcconfig */ = {isa = PBXFileReference; includeInIndex = 1; lastKnownFileType = text.xcconfig; name = "Pods-BTTCoach.debug.xcconfig"; path = "Pods/Target Support Files/Pods-BTTCoach/Pods-BTTCoach.debug.xcconfig"; sourceTree = "<group>"; };
		5E93AD2885AC0C1BF4DC543F /* Pods-BTTCoach.release.xcconfig */ = {isa = PBXFileReference; includeInIndex = 1; lastKnownFileType = text.xcconfig; name = "Pods-BTTCoach.release.xcconfig"; path = "Pods/Target Support Files/Pods-BTTCoach/Pods-BTTCoach.release.xcconfig"; sourceTree = "<group>"; };
		667C7C2DD0D4CE5C68631890 /* Pods_BTTCoach.framework */ = {isa = PBXFileReference; explicitFileType = wrapper.framework; includeInIndex = 0; path = Pods_BTTCoach.framework; sourceTree = BUILT_PRODUCTS_DIR; };
		778091C9A4DB92DD88E92B0E /* Pods_BTTCoach.release.xcconfig */ = {isa = PBXFileReference; includeInIndex = 1; lastKnownFileType = text.xcconfig; name = Pods_BTTCoach.release.xcconfig; path = "Pods/Target Support Files/Pods-BornToughTrainer/Pods-BornToughTrainer.release.xcconfig"; sourceTree = "<group>"; };
		840377EE21079DDA00276D5D /* routineTVC.swift */ = {isa = PBXFileReference; lastKnownFileType = sourcecode.swift; path = routineTVC.swift; sourceTree = "<group>"; };
		840443C120FB374300E84BF3 /* signInVC.swift */ = {isa = PBXFileReference; lastKnownFileType = sourcecode.swift; path = signInVC.swift; sourceTree = "<group>"; };
		840443C320FB7C2000E84BF3 /* menuVC.swift */ = {isa = PBXFileReference; lastKnownFileType = sourcecode.swift; path = menuVC.swift; sourceTree = "<group>"; };
		8406C13B20FCF959009B2ABC /* menuTVC.swift */ = {isa = PBXFileReference; lastKnownFileType = sourcecode.swift; path = menuTVC.swift; sourceTree = "<group>"; };
		8406C13D20FCFAD1009B2ABC /* objects.swift */ = {isa = PBXFileReference; lastKnownFileType = sourcecode.swift; path = objects.swift; sourceTree = "<group>"; };
		8406C13F20FD105D009B2ABC /* createIdentityVC.swift */ = {isa = PBXFileReference; lastKnownFileType = sourcecode.swift; path = createIdentityVC.swift; sourceTree = "<group>"; };
		8406C14120FD1365009B2ABC /* extension.swift */ = {isa = PBXFileReference; lastKnownFileType = sourcecode.swift; path = extension.swift; sourceTree = "<group>"; };
		8432B42221039A4400A944D6 /* logListTVC.swift */ = {isa = PBXFileReference; lastKnownFileType = sourcecode.swift; path = logListTVC.swift; sourceTree = "<group>"; };
		8432B42421039A9C00A944D6 /* LogListVC.swift */ = {isa = PBXFileReference; lastKnownFileType = sourcecode.swift; path = LogListVC.swift; sourceTree = "<group>"; };
		846477E2210240B5008D9505 /* gradeListTVC.swift */ = {isa = PBXFileReference; lastKnownFileType = sourcecode.swift; path = gradeListTVC.swift; sourceTree = "<group>"; };
		846477E4210240FA008D9505 /* gradeListVC.swift */ = {isa = PBXFileReference; lastKnownFileType = sourcecode.swift; path = gradeListVC.swift; sourceTree = "<group>"; };
		84844AEA210A21610053F764 /* unCompletedTaskTVC.swift */ = {isa = PBXFileReference; lastKnownFileType = sourcecode.swift; path = unCompletedTaskTVC.swift; sourceTree = "<group>"; };
		84844AEC210A22410053F764 /* commitTodayListVC.swift */ = {isa = PBXFileReference; lastKnownFileType = sourcecode.swift; path = commitTodayListVC.swift; sourceTree = "<group>"; };
		84C2712D210632B8004D4090 /* interviewListVC.swift */ = {isa = PBXFileReference; lastKnownFileType = sourcecode.swift; path = interviewListVC.swift; sourceTree = "<group>"; };
		84CF26C020F8FE5D00692B17 /* BTTCoach.app */ = {isa = PBXFileReference; explicitFileType = wrapper.application; includeInIndex = 0; path = BTTCoach.app; sourceTree = BUILT_PRODUCTS_DIR; };
		84CF26C320F8FE5D00692B17 /* AppDelegate.swift */ = {isa = PBXFileReference; lastKnownFileType = sourcecode.swift; path = AppDelegate.swift; sourceTree = "<group>"; };
		84CF26C520F8FE5D00692B17 /* welcomeVC.swift */ = {isa = PBXFileReference; lastKnownFileType = sourcecode.swift; path = welcomeVC.swift; sourceTree = "<group>"; };
		84CF26C820F8FE5D00692B17 /* Base */ = {isa = PBXFileReference; lastKnownFileType = file.storyboard; name = Base; path = Base.lproj/Main.storyboard; sourceTree = "<group>"; };
		84CF26CA20F8FE6100692B17 /* Assets.xcassets */ = {isa = PBXFileReference; lastKnownFileType = folder.assetcatalog; path = Assets.xcassets; sourceTree = "<group>"; };
		84CF26CD20F8FE6100692B17 /* Base */ = {isa = PBXFileReference; lastKnownFileType = file.storyboard; name = Base; path = Base.lproj/LaunchScreen.storyboard; sourceTree = "<group>"; };
		84CF26CF20F8FE6100692B17 /* Info.plist */ = {isa = PBXFileReference; lastKnownFileType = text.plist.xml; path = Info.plist; sourceTree = "<group>"; };
		84CF26DB20F90E2100692B17 /* buttonStyle.swift */ = {isa = PBXFileReference; lastKnownFileType = sourcecode.swift; path = buttonStyle.swift; sourceTree = "<group>"; };
		84CF26DD20F917A900692B17 /* textFieldClass.swift */ = {isa = PBXFileReference; lastKnownFileType = sourcecode.swift; path = textFieldClass.swift; sourceTree = "<group>"; };
		84E66F0A21079A700050BAC9 /* routineListVC.swift */ = {isa = PBXFileReference; lastKnownFileType = sourcecode.swift; path = routineListVC.swift; sourceTree = "<group>"; };
		84F6C1952100EA9900DBE976 /* setUpTVC.swift */ = {isa = PBXFileReference; lastKnownFileType = sourcecode.swift; path = setUpTVC.swift; sourceTree = "<group>"; };
		84F6C19921010CAD00DBE976 /* gradeTVC.swift */ = {isa = PBXFileReference; lastKnownFileType = sourcecode.swift; path = gradeTVC.swift; sourceTree = "<group>"; };
		B291E92C049CF993D9A74872 /* Pods-BornToughTrainer.debug.xcconfig */ = {isa = PBXFileReference; includeInIndex = 1; lastKnownFileType = text.xcconfig; name = "Pods-BornToughTrainer.debug.xcconfig"; path = "Pods/Target Support Files/Pods-BornToughTrainer/Pods-BornToughTrainer.debug.xcconfig"; sourceTree = "<group>"; };
		F2066A132136FE2F0020DBAC /* GoogleService-Info.plist */ = {isa = PBXFileReference; fileEncoding = 4; lastKnownFileType = text.plist.xml; path = "GoogleService-Info.plist"; sourceTree = "<group>"; };
		F20DC14921180C9200157809 /* AllUserVC.swift */ = {isa = PBXFileReference; lastKnownFileType = sourcecode.swift; path = AllUserVC.swift; sourceTree = "<group>"; };
		F20DC14B21180F4900157809 /* AllUserTableViewCell.swift */ = {isa = PBXFileReference; lastKnownFileType = sourcecode.swift; path = AllUserTableViewCell.swift; sourceTree = "<group>"; };
		F20DC14D2118104B00157809 /* ConfigureUserInterface.swift */ = {isa = PBXFileReference; lastKnownFileType = sourcecode.swift; path = ConfigureUserInterface.swift; sourceTree = "<group>"; };
		F20DC14E2118104C00157809 /* Custom_Button.swift */ = {isa = PBXFileReference; lastKnownFileType = sourcecode.swift; path = Custom_Button.swift; sourceTree = "<group>"; };
		F20DC14F2118104C00157809 /* UnderlinedTextField.swift */ = {isa = PBXFileReference; lastKnownFileType = sourcecode.swift; path = UnderlinedTextField.swift; sourceTree = "<group>"; };
		F20DC1502118104D00157809 /* Custom_ImageView.swift */ = {isa = PBXFileReference; lastKnownFileType = sourcecode.swift; path = Custom_ImageView.swift; sourceTree = "<group>"; };
		F20DC1512118104D00157809 /* Custom_View.swift */ = {isa = PBXFileReference; lastKnownFileType = sourcecode.swift; path = Custom_View.swift; sourceTree = "<group>"; };
		F20DC1522118104E00157809 /* customTF.swift */ = {isa = PBXFileReference; lastKnownFileType = sourcecode.swift; path = customTF.swift; sourceTree = "<group>"; };
		F20DC1532118104E00157809 /* Custom_Label.swift */ = {isa = PBXFileReference; lastKnownFileType = sourcecode.swift; path = Custom_Label.swift; sourceTree = "<group>"; };
		F226BA13210F6C1B00DE6D16 /* haveFaithVC.swift */ = {isa = PBXFileReference; lastKnownFileType = sourcecode.swift; path = haveFaithVC.swift; sourceTree = "<group>"; };
		F26A7CBB210AE90800D6B533 /* ITC Avant Garde Gothic Bold.otf */ = {isa = PBXFileReference; lastKnownFileType = file; path = "ITC Avant Garde Gothic Bold.otf"; sourceTree = "<group>"; };
		F26A7CBD210AE90D00D6B533 /* ITC Avant Garde Gothic Medium.otf */ = {isa = PBXFileReference; lastKnownFileType = file; path = "ITC Avant Garde Gothic Medium.otf"; sourceTree = "<group>"; };
		F27A85312111F11700D2E344 /* StreamingVC.swift */ = {isa = PBXFileReference; lastKnownFileType = sourcecode.swift; path = StreamingVC.swift; sourceTree = "<group>"; };
		F2AD82DC21359A8800BAADEE /* chatViewController.swift */ = {isa = PBXFileReference; fileEncoding = 4; lastKnownFileType = sourcecode.swift; path = chatViewController.swift; sourceTree = "<group>"; };
/* End PBXFileReference section */

/* Begin PBXFrameworksBuildPhase section */
		84CF26BD20F8FE5D00692B17 /* Frameworks */ = {
			isa = PBXFrameworksBuildPhase;
			buildActionMask = 2147483647;
			files = (
				1696ABEE92B308DD6E0A7604 /* Pods_BTTCoach.framework in Frameworks */,
				F87467FAEE8FB03B8E3C0FF1 /* Pods_BTTCoach.framework in Frameworks */,
			);
			runOnlyForDeploymentPostprocessing = 0;
		};
/* End PBXFrameworksBuildPhase section */

/* Begin PBXGroup section */
		6139E0545006CB53E42EEA07 /* Frameworks */ = {
			isa = PBXGroup;
			children = (
				667C7C2DD0D4CE5C68631890 /* Pods_BTTCoach.framework */,
				2412DB46A090F368AF33C52A /* Pods_BTTCoach.framework */,
			);
			name = Frameworks;
			sourceTree = "<group>";
		};
		734870EB3FC18BE6E2488718 /* Pods */ = {
			isa = PBXGroup;
			children = (
				B291E92C049CF993D9A74872 /* Pods-BornToughTrainer.debug.xcconfig */,
				778091C9A4DB92DD88E92B0E /* Pods_BTTCoach.release.xcconfig */,
				5AF50D0FE0B80048643D9FB4 /* Pods-BTTCoach.debug.xcconfig */,
				5E93AD2885AC0C1BF4DC543F /* Pods-BTTCoach.release.xcconfig */,
			);
			name = Pods;
			sourceTree = "<group>";
		};
		84CF26B720F8FE5D00692B17 = {
			isa = PBXGroup;
			children = (
				84CF26C220F8FE5D00692B17 /* BTTCoach */,
				84CF26C120F8FE5D00692B17 /* Products */,
				734870EB3FC18BE6E2488718 /* Pods */,
				6139E0545006CB53E42EEA07 /* Frameworks */,
			);
			sourceTree = "<group>";
		};
		84CF26C120F8FE5D00692B17 /* Products */ = {
			isa = PBXGroup;
			children = (
				84CF26C020F8FE5D00692B17 /* BTTCoach.app */,
			);
			name = Products;
			sourceTree = "<group>";
		};
		84CF26C220F8FE5D00692B17 /* BTTCoach */ = {
			isa = PBXGroup;
			children = (
				F26A7CBA210AE8FB00D6B533 /* Fonts */,
				84CF26D920F90D8800692B17 /* Extensions */,
				84CF26D720F90D7500692B17 /* Controller */,
				84CF26D620F90D7000692B17 /* View */,
				84CF26C320F8FE5D00692B17 /* AppDelegate.swift */,
				84CF26CA20F8FE6100692B17 /* Assets.xcassets */,
				84CF26CF20F8FE6100692B17 /* Info.plist */,
				F2066A132136FE2F0020DBAC /* GoogleService-Info.plist */,
			);
			path = BTTCoach;
			sourceTree = "<group>";
		};
		84CF26D620F90D7000692B17 /* View */ = {
			isa = PBXGroup;
			children = (
				84CF26C720F8FE5D00692B17 /* Main.storyboard */,
				84CF26CC20F8FE6100692B17 /* LaunchScreen.storyboard */,
			);
			path = View;
			sourceTree = "<group>";
		};
		84CF26D720F90D7500692B17 /* Controller */ = {
			isa = PBXGroup;
			children = (
				F2AD82DC21359A8800BAADEE /* chatViewController.swift */,
				84CF26C520F8FE5D00692B17 /* welcomeVC.swift */,
				840443C120FB374300E84BF3 /* signInVC.swift */,
				F20DC14921180C9200157809 /* AllUserVC.swift */,
				840443C320FB7C2000E84BF3 /* menuVC.swift */,
				8406C13F20FD105D009B2ABC /* createIdentityVC.swift */,
				84844AEC210A22410053F764 /* commitTodayListVC.swift */,
				8432B42421039A9C00A944D6 /* LogListVC.swift */,
				84E66F0A21079A700050BAC9 /* routineListVC.swift */,
				F226BA13210F6C1B00DE6D16 /* haveFaithVC.swift */,
				846477E4210240FA008D9505 /* gradeListVC.swift */,
				F27A85302111EAE000D2E344 /* AV Controller */,
			);
			path = Controller;
			sourceTree = "<group>";
		};
		84CF26D920F90D8800692B17 /* Extensions */ = {
			isa = PBXGroup;
			children = (
				84CF26DA20F90DAC00692B17 /* classes */,
			);
			path = Extensions;
			sourceTree = "<group>";
		};
		84CF26DA20F90DAC00692B17 /* classes */ = {
			isa = PBXGroup;
			children = (
				F20DC14D2118104B00157809 /* ConfigureUserInterface.swift */,
				F20DC14E2118104C00157809 /* Custom_Button.swift */,
				F20DC1502118104D00157809 /* Custom_ImageView.swift */,
				F20DC1532118104E00157809 /* Custom_Label.swift */,
				F20DC1512118104D00157809 /* Custom_View.swift */,
				F20DC1522118104E00157809 /* customTF.swift */,
				F20DC14F2118104C00157809 /* UnderlinedTextField.swift */,
				84CF26DB20F90E2100692B17 /* buttonStyle.swift */,
				84CF26DD20F917A900692B17 /* textFieldClass.swift */,
				8406C13B20FCF959009B2ABC /* menuTVC.swift */,
				8406C13D20FCFAD1009B2ABC /* objects.swift */,
				8406C14120FD1365009B2ABC /* extension.swift */,
				84F6C1952100EA9900DBE976 /* setUpTVC.swift */,
				84F6C19921010CAD00DBE976 /* gradeTVC.swift */,
				846477E2210240B5008D9505 /* gradeListTVC.swift */,
				8432B42221039A4400A944D6 /* logListTVC.swift */,
				4C948DAD2105BB0C00135748 /* pepTalkTVC.swift */,
				840377EE21079DDA00276D5D /* routineTVC.swift */,
				84844AEA210A21610053F764 /* unCompletedTaskTVC.swift */,
				F20DC14B21180F4900157809 /* AllUserTableViewCell.swift */,
			);
			path = classes;
			sourceTree = "<group>";
		};
		F26A7CBA210AE8FB00D6B533 /* Fonts */ = {
			isa = PBXGroup;
			children = (
				F26A7CBB210AE90800D6B533 /* ITC Avant Garde Gothic Bold.otf */,
				F26A7CBD210AE90D00D6B533 /* ITC Avant Garde Gothic Medium.otf */,
			);
			path = Fonts;
			sourceTree = "<group>";
		};
		F27A85302111EAE000D2E344 /* AV Controller */ = {
			isa = PBXGroup;
			children = (
				4C948DAB2105BAA400135748 /* pepTalkListVC.swift */,
				84C2712D210632B8004D4090 /* interviewListVC.swift */,
				F27A85312111F11700D2E344 /* StreamingVC.swift */,
			);
			path = "AV Controller";
			sourceTree = "<group>";
		};
/* End PBXGroup section */

/* Begin PBXNativeTarget section */
		84CF26BF20F8FE5D00692B17 /* BTTCoach */ = {
			isa = PBXNativeTarget;
			buildConfigurationList = 84CF26D220F8FE6100692B17 /* Build configuration list for PBXNativeTarget "BTTCoach" */;
			buildPhases = (
				9D823AA11EB76DCF24F9340F /* [CP] Check Pods Manifest.lock */,
				84CF26BC20F8FE5D00692B17 /* Sources */,
				84CF26BD20F8FE5D00692B17 /* Frameworks */,
				84CF26BE20F8FE5D00692B17 /* Resources */,
				0478DA15E5A29912FEB5E100 /* [CP] Embed Pods Frameworks */,
			);
			buildRules = (
			);
			dependencies = (
			);
			name = BTTCoach;
			productName = BornToughTrainer;
			productReference = 84CF26C020F8FE5D00692B17 /* BTTCoach.app */;
			productType = "com.apple.product-type.application";
		};
/* End PBXNativeTarget section */

/* Begin PBXProject section */
		84CF26B820F8FE5D00692B17 /* Project object */ = {
			isa = PBXProject;
			attributes = {
				LastSwiftUpdateCheck = 0940;
				LastUpgradeCheck = 0940;
				ORGANIZATIONNAME = MAQ;
				TargetAttributes = {
					84CF26BF20F8FE5D00692B17 = {
						CreatedOnToolsVersion = 9.4.1;
					};
				};
			};
			buildConfigurationList = 84CF26BB20F8FE5D00692B17 /* Build configuration list for PBXProject "BTTCoach" */;
			compatibilityVersion = "Xcode 9.3";
			developmentRegion = en;
			hasScannedForEncodings = 0;
			knownRegions = (
				en,
				Base,
			);
			mainGroup = 84CF26B720F8FE5D00692B17;
			productRefGroup = 84CF26C120F8FE5D00692B17 /* Products */;
			projectDirPath = "";
			projectRoot = "";
			targets = (
				84CF26BF20F8FE5D00692B17 /* BTTCoach */,
			);
		};
/* End PBXProject section */

/* Begin PBXResourcesBuildPhase section */
		84CF26BE20F8FE5D00692B17 /* Resources */ = {
			isa = PBXResourcesBuildPhase;
			buildActionMask = 2147483647;
			files = (
				F26A7CBC210AE90B00D6B533 /* ITC Avant Garde Gothic Bold.otf in Resources */,
				84CF26CE20F8FE6100692B17 /* LaunchScreen.storyboard in Resources */,
				F2066A142136FE2F0020DBAC /* GoogleService-Info.plist in Resources */,
				84CF26CB20F8FE6100692B17 /* Assets.xcassets in Resources */,
				84CF26C920F8FE5D00692B17 /* Main.storyboard in Resources */,
			);
			runOnlyForDeploymentPostprocessing = 0;
		};
/* End PBXResourcesBuildPhase section */

/* Begin PBXShellScriptBuildPhase section */
		0478DA15E5A29912FEB5E100 /* [CP] Embed Pods Frameworks */ = {
			isa = PBXShellScriptBuildPhase;
			buildActionMask = 2147483647;
			files = (
			);
			inputPaths = (
				"${SRCROOT}/Pods/Target Support Files/Pods-BTTCoach/Pods-BTTCoach-frameworks.sh",
				"${BUILT_PRODUCTS_DIR}/CameraManager/CameraManager.framework",
				"${BUILT_PRODUCTS_DIR}/GTMSessionFetcher/GTMSessionFetcher.framework",
				"${BUILT_PRODUCTS_DIR}/GoogleToolboxForMac/GoogleToolboxForMac.framework",
				"${BUILT_PRODUCTS_DIR}/IQKeyboardManager/IQKeyboardManager.framework",
				"${BUILT_PRODUCTS_DIR}/JSQMessagesViewController/JSQMessagesViewController.framework",
				"${BUILT_PRODUCTS_DIR}/JSQSystemSoundPlayer/JSQSystemSoundPlayer.framework",
				"${BUILT_PRODUCTS_DIR}/Player/Player.framework",
				"${BUILT_PRODUCTS_DIR}/SDWebImage/SDWebImage.framework",
				"${BUILT_PRODUCTS_DIR}/leveldb-library/leveldb.framework",
				"${BUILT_PRODUCTS_DIR}/nanopb/nanopb.framework",
			);
			name = "[CP] Embed Pods Frameworks";
			outputPaths = (
				"${TARGET_BUILD_DIR}/${FRAMEWORKS_FOLDER_PATH}/CameraManager.framework",
				"${TARGET_BUILD_DIR}/${FRAMEWORKS_FOLDER_PATH}/GTMSessionFetcher.framework",
				"${TARGET_BUILD_DIR}/${FRAMEWORKS_FOLDER_PATH}/GoogleToolboxForMac.framework",
				"${TARGET_BUILD_DIR}/${FRAMEWORKS_FOLDER_PATH}/IQKeyboardManager.framework",
				"${TARGET_BUILD_DIR}/${FRAMEWORKS_FOLDER_PATH}/JSQMessagesViewController.framework",
				"${TARGET_BUILD_DIR}/${FRAMEWORKS_FOLDER_PATH}/JSQSystemSoundPlayer.framework",
				"${TARGET_BUILD_DIR}/${FRAMEWORKS_FOLDER_PATH}/Player.framework",
				"${TARGET_BUILD_DIR}/${FRAMEWORKS_FOLDER_PATH}/SDWebImage.framework",
				"${TARGET_BUILD_DIR}/${FRAMEWORKS_FOLDER_PATH}/leveldb.framework",
				"${TARGET_BUILD_DIR}/${FRAMEWORKS_FOLDER_PATH}/nanopb.framework",
			);
			runOnlyForDeploymentPostprocessing = 0;
			shellPath = /bin/sh;
			shellScript = "\"${SRCROOT}/Pods/Target Support Files/Pods-BTTCoach/Pods-BTTCoach-frameworks.sh\"\n";
			showEnvVarsInLog = 0;
		};
		9D823AA11EB76DCF24F9340F /* [CP] Check Pods Manifest.lock */ = {
			isa = PBXShellScriptBuildPhase;
			buildActionMask = 2147483647;
			files = (
			);
			inputPaths = (
				"${PODS_PODFILE_DIR_PATH}/Podfile.lock",
				"${PODS_ROOT}/Manifest.lock",
			);
			name = "[CP] Check Pods Manifest.lock";
			outputPaths = (
				"$(DERIVED_FILE_DIR)/Pods-BTTCoach-checkManifestLockResult.txt",
			);
			runOnlyForDeploymentPostprocessing = 0;
			shellPath = /bin/sh;
			shellScript = "diff \"${PODS_PODFILE_DIR_PATH}/Podfile.lock\" \"${PODS_ROOT}/Manifest.lock\" > /dev/null\nif [ $? != 0 ] ; then\n    # print error to STDERR\n    echo \"error: The sandbox is not in sync with the Podfile.lock. Run 'pod install' or update your CocoaPods installation.\" >&2\n    exit 1\nfi\n# This output is used by Xcode 'outputs' to avoid re-running this script phase.\necho \"SUCCESS\" > \"${SCRIPT_OUTPUT_FILE_0}\"\n";
			showEnvVarsInLog = 0;
		};
/* End PBXShellScriptBuildPhase section */

/* Begin PBXSourcesBuildPhase section */
		84CF26BC20F8FE5D00692B17 /* Sources */ = {
			isa = PBXSourcesBuildPhase;
			buildActionMask = 2147483647;
			files = (
				84C2712E210632B8004D4090 /* interviewListVC.swift in Sources */,
				8406C14020FD105D009B2ABC /* createIdentityVC.swift in Sources */,
				F20DC14C21180F4900157809 /* AllUserTableViewCell.swift in Sources */,
				846477E5210240FA008D9505 /* gradeListVC.swift in Sources */,
				8432B42521039A9C00A944D6 /* LogListVC.swift in Sources */,
				F27A85322111F11700D2E344 /* StreamingVC.swift in Sources */,
				84844AED210A22410053F764 /* commitTodayListVC.swift in Sources */,
				84CF26C620F8FE5D00692B17 /* welcomeVC.swift in Sources */,
				F20DC1592118104E00157809 /* customTF.swift in Sources */,
				F20DC1582118104E00157809 /* Custom_View.swift in Sources */,
				840377EF21079DDA00276D5D /* routineTVC.swift in Sources */,
				84E66F0B21079A700050BAC9 /* routineListVC.swift in Sources */,
				4C948DAE2105BB0C00135748 /* pepTalkTVC.swift in Sources */,
				8406C14220FD1365009B2ABC /* extension.swift in Sources */,
				F20DC14A21180C9200157809 /* AllUserVC.swift in Sources */,
				F20DC15A2118104E00157809 /* Custom_Label.swift in Sources */,
				84844AEB210A21610053F764 /* unCompletedTaskTVC.swift in Sources */,
				846477E3210240B5008D9505 /* gradeListTVC.swift in Sources */,
				84CF26DC20F90E2100692B17 /* buttonStyle.swift in Sources */,
				84CF26DE20F917A900692B17 /* textFieldClass.swift in Sources */,
				F20DC1552118104E00157809 /* Custom_Button.swift in Sources */,
				84CF26C420F8FE5D00692B17 /* AppDelegate.swift in Sources */,
				F20DC1542118104E00157809 /* ConfigureUserInterface.swift in Sources */,
				840443C420FB7C2000E84BF3 /* menuVC.swift in Sources */,
				840443C220FB374300E84BF3 /* signInVC.swift in Sources */,
				84F6C1962100EA9900DBE976 /* setUpTVC.swift in Sources */,
				F2AD82DD21359A8800BAADEE /* chatViewController.swift in Sources */,
				8432B42321039A4400A944D6 /* logListTVC.swift in Sources */,
				F226BA14210F6C1B00DE6D16 /* haveFaithVC.swift in Sources */,
				F20DC1572118104E00157809 /* Custom_ImageView.swift in Sources */,
				8406C13C20FCF959009B2ABC /* menuTVC.swift in Sources */,
				8406C13E20FCFAD1009B2ABC /* objects.swift in Sources */,
				4C948DAC2105BAA400135748 /* pepTalkListVC.swift in Sources */,
				84F6C19A21010CAD00DBE976 /* gradeTVC.swift in Sources */,
				F20DC1562118104E00157809 /* UnderlinedTextField.swift in Sources */,
			);
			runOnlyForDeploymentPostprocessing = 0;
		};
/* End PBXSourcesBuildPhase section */

/* Begin PBXVariantGroup section */
		84CF26C720F8FE5D00692B17 /* Main.storyboard */ = {
			isa = PBXVariantGroup;
			children = (
				84CF26C820F8FE5D00692B17 /* Base */,
			);
			name = Main.storyboard;
			sourceTree = "<group>";
		};
		84CF26CC20F8FE6100692B17 /* LaunchScreen.storyboard */ = {
			isa = PBXVariantGroup;
			children = (
				84CF26CD20F8FE6100692B17 /* Base */,
			);
			name = LaunchScreen.storyboard;
			sourceTree = "<group>";
		};
/* End PBXVariantGroup section */

/* Begin XCBuildConfiguration section */
		84CF26D020F8FE6100692B17 /* Debug */ = {
			isa = XCBuildConfiguration;
			buildSettings = {
				ALWAYS_SEARCH_USER_PATHS = NO;
				CLANG_ANALYZER_NONNULL = YES;
				CLANG_ANALYZER_NUMBER_OBJECT_CONVERSION = YES_AGGRESSIVE;
				CLANG_CXX_LANGUAGE_STANDARD = "gnu++14";
				CLANG_CXX_LIBRARY = "libc++";
				CLANG_ENABLE_MODULES = YES;
				CLANG_ENABLE_OBJC_ARC = YES;
				CLANG_ENABLE_OBJC_WEAK = YES;
				CLANG_WARN_BLOCK_CAPTURE_AUTORELEASING = YES;
				CLANG_WARN_BOOL_CONVERSION = YES;
				CLANG_WARN_COMMA = YES;
				CLANG_WARN_CONSTANT_CONVERSION = YES;
				CLANG_WARN_DEPRECATED_OBJC_IMPLEMENTATIONS = YES;
				CLANG_WARN_DIRECT_OBJC_ISA_USAGE = YES_ERROR;
				CLANG_WARN_DOCUMENTATION_COMMENTS = YES;
				CLANG_WARN_EMPTY_BODY = YES;
				CLANG_WARN_ENUM_CONVERSION = YES;
				CLANG_WARN_INFINITE_RECURSION = YES;
				CLANG_WARN_INT_CONVERSION = YES;
				CLANG_WARN_NON_LITERAL_NULL_CONVERSION = YES;
				CLANG_WARN_OBJC_IMPLICIT_RETAIN_SELF = YES;
				CLANG_WARN_OBJC_LITERAL_CONVERSION = YES;
				CLANG_WARN_OBJC_ROOT_CLASS = YES_ERROR;
				CLANG_WARN_RANGE_LOOP_ANALYSIS = YES;
				CLANG_WARN_STRICT_PROTOTYPES = YES;
				CLANG_WARN_SUSPICIOUS_MOVE = YES;
				CLANG_WARN_UNGUARDED_AVAILABILITY = YES_AGGRESSIVE;
				CLANG_WARN_UNREACHABLE_CODE = YES;
				CLANG_WARN__DUPLICATE_METHOD_MATCH = YES;
				CODE_SIGN_IDENTITY = "iPhone Developer";
				COPY_PHASE_STRIP = NO;
				DEBUG_INFORMATION_FORMAT = dwarf;
				ENABLE_STRICT_OBJC_MSGSEND = YES;
				ENABLE_TESTABILITY = YES;
				GCC_C_LANGUAGE_STANDARD = gnu11;
				GCC_DYNAMIC_NO_PIC = NO;
				GCC_NO_COMMON_BLOCKS = YES;
				GCC_OPTIMIZATION_LEVEL = 0;
				GCC_PREPROCESSOR_DEFINITIONS = (
					"DEBUG=1",
					"$(inherited)",
				);
				GCC_WARN_64_TO_32_BIT_CONVERSION = YES;
				GCC_WARN_ABOUT_RETURN_TYPE = YES_ERROR;
				GCC_WARN_UNDECLARED_SELECTOR = YES;
				GCC_WARN_UNINITIALIZED_AUTOS = YES_AGGRESSIVE;
				GCC_WARN_UNUSED_FUNCTION = YES;
				GCC_WARN_UNUSED_VARIABLE = YES;
				IPHONEOS_DEPLOYMENT_TARGET = 11.4;
				MTL_ENABLE_DEBUG_INFO = YES;
				ONLY_ACTIVE_ARCH = YES;
				SDKROOT = iphoneos;
				SWIFT_ACTIVE_COMPILATION_CONDITIONS = DEBUG;
				SWIFT_OPTIMIZATION_LEVEL = "-Onone";
			};
			name = Debug;
		};
		84CF26D120F8FE6100692B17 /* Release */ = {
			isa = XCBuildConfiguration;
			buildSettings = {
				ALWAYS_SEARCH_USER_PATHS = NO;
				CLANG_ANALYZER_NONNULL = YES;
				CLANG_ANALYZER_NUMBER_OBJECT_CONVERSION = YES_AGGRESSIVE;
				CLANG_CXX_LANGUAGE_STANDARD = "gnu++14";
				CLANG_CXX_LIBRARY = "libc++";
				CLANG_ENABLE_MODULES = YES;
				CLANG_ENABLE_OBJC_ARC = YES;
				CLANG_ENABLE_OBJC_WEAK = YES;
				CLANG_WARN_BLOCK_CAPTURE_AUTORELEASING = YES;
				CLANG_WARN_BOOL_CONVERSION = YES;
				CLANG_WARN_COMMA = YES;
				CLANG_WARN_CONSTANT_CONVERSION = YES;
				CLANG_WARN_DEPRECATED_OBJC_IMPLEMENTATIONS = YES;
				CLANG_WARN_DIRECT_OBJC_ISA_USAGE = YES_ERROR;
				CLANG_WARN_DOCUMENTATION_COMMENTS = YES;
				CLANG_WARN_EMPTY_BODY = YES;
				CLANG_WARN_ENUM_CONVERSION = YES;
				CLANG_WARN_INFINITE_RECURSION = YES;
				CLANG_WARN_INT_CONVERSION = YES;
				CLANG_WARN_NON_LITERAL_NULL_CONVERSION = YES;
				CLANG_WARN_OBJC_IMPLICIT_RETAIN_SELF = YES;
				CLANG_WARN_OBJC_LITERAL_CONVERSION = YES;
				CLANG_WARN_OBJC_ROOT_CLASS = YES_ERROR;
				CLANG_WARN_RANGE_LOOP_ANALYSIS = YES;
				CLANG_WARN_STRICT_PROTOTYPES = YES;
				CLANG_WARN_SUSPICIOUS_MOVE = YES;
				CLANG_WARN_UNGUARDED_AVAILABILITY = YES_AGGRESSIVE;
				CLANG_WARN_UNREACHABLE_CODE = YES;
				CLANG_WARN__DUPLICATE_METHOD_MATCH = YES;
				CODE_SIGN_IDENTITY = "iPhone Developer";
				COPY_PHASE_STRIP = NO;
				DEBUG_INFORMATION_FORMAT = "dwarf-with-dsym";
				ENABLE_NS_ASSERTIONS = NO;
				ENABLE_STRICT_OBJC_MSGSEND = YES;
				GCC_C_LANGUAGE_STANDARD = gnu11;
				GCC_NO_COMMON_BLOCKS = YES;
				GCC_WARN_64_TO_32_BIT_CONVERSION = YES;
				GCC_WARN_ABOUT_RETURN_TYPE = YES_ERROR;
				GCC_WARN_UNDECLARED_SELECTOR = YES;
				GCC_WARN_UNINITIALIZED_AUTOS = YES_AGGRESSIVE;
				GCC_WARN_UNUSED_FUNCTION = YES;
				GCC_WARN_UNUSED_VARIABLE = YES;
				IPHONEOS_DEPLOYMENT_TARGET = 11.4;
				MTL_ENABLE_DEBUG_INFO = NO;
				SDKROOT = iphoneos;
				SWIFT_COMPILATION_MODE = wholemodule;
				SWIFT_OPTIMIZATION_LEVEL = "-O";
				VALIDATE_PRODUCT = YES;
			};
			name = Release;
		};
		84CF26D320F8FE6100692B17 /* Debug */ = {
			isa = XCBuildConfiguration;
			baseConfigurationReference = 5AF50D0FE0B80048643D9FB4 /* Pods-BTTCoach.debug.xcconfig */;
			buildSettings = {
				ASSETCATALOG_COMPILER_APPICON_NAME = AppIcon;
				CODE_SIGN_STYLE = Automatic;
				DEVELOPMENT_TEAM = SUBZ24DP5B;
				INFOPLIST_FILE = BTTCoach/Info.plist;
				LD_RUNPATH_SEARCH_PATHS = (
					"$(inherited)",
					"@executable_path/Frameworks",
				);
				PRODUCT_BUNDLE_IDENTIFIER = com.agencybash.bttcoachside;
				PRODUCT_NAME = "$(TARGET_NAME)";
				SWIFT_VERSION = 4.0;
				TARGETED_DEVICE_FAMILY = "1,2";
			};
			name = Debug;
		};
		84CF26D420F8FE6100692B17 /* Release */ = {
			isa = XCBuildConfiguration;
			baseConfigurationReference = 5E93AD2885AC0C1BF4DC543F /* Pods-BTTCoach.release.xcconfig */;
			buildSettings = {
				ASSETCATALOG_COMPILER_APPICON_NAME = AppIcon;
				CODE_SIGN_STYLE = Automatic;
				DEVELOPMENT_TEAM = SUBZ24DP5B;
				INFOPLIST_FILE = BTTCoach/Info.plist;
				LD_RUNPATH_SEARCH_PATHS = (
					"$(inherited)",
					"@executable_path/Frameworks",
				);
				PRODUCT_BUNDLE_IDENTIFIER = com.agencybash.bttcoachside;
				PRODUCT_NAME = "$(TARGET_NAME)";
				SWIFT_VERSION = 4.0;
				TARGETED_DEVICE_FAMILY = "1,2";
			};
			name = Release;
		};
/* End XCBuildConfiguration section */

/* Begin XCConfigurationList section */
		84CF26BB20F8FE5D00692B17 /* Build configuration list for PBXProject "BTTCoach" */ = {
			isa = XCConfigurationList;
			buildConfigurations = (
				84CF26D020F8FE6100692B17 /* Debug */,
				84CF26D120F8FE6100692B17 /* Release */,
			);
			defaultConfigurationIsVisible = 0;
			defaultConfigurationName = Release;
		};
		84CF26D220F8FE6100692B17 /* Build configuration list for PBXNativeTarget "BTTCoach" */ = {
			isa = XCConfigurationList;
			buildConfigurations = (
				84CF26D320F8FE6100692B17 /* Debug */,
				84CF26D420F8FE6100692B17 /* Release */,
			);
			defaultConfigurationIsVisible = 0;
			defaultConfigurationName = Release;
		};
/* End XCConfigurationList section */
	};
	rootObject = 84CF26B820F8FE5D00692B17 /* Project object */;
}
